
Microsoft Visual Studio Solution File, Format Version 12.00
# Visual Studio 15
VisualStudioVersion = 15.0.28307.902
MinimumVisualStudioVersion = 10.0.40219.1
Project("{FAE04EC0-301F-11D3-BF4B-00C04F79EFBC}") = "Adapter_Pattern", "Adapter_Pattern\Adapter_Pattern.csproj", "{1949A127-B393-4D63-83DE-A0BD1FAE8343}"
EndProject
Project("{FAE04EC0-301F-11D3-BF4B-00C04F79EFBC}") = "Visitor_Pattern", "Visitor_Pattern\Visitor_Pattern.csproj", "{12F09E1D-F024-4FCD-8732-1488BBB61488}"
EndProject
Global
	GlobalSection(SolutionConfigurationPlatforms) = preSolution
		Debug|Any CPU = Debug|Any CPU
		Release|Any CPU = Release|Any CPU
	EndGlobalSection
	GlobalSection(ProjectConfigurationPlatforms) = postSolution
		{1949A127-B393-4D63-83DE-A0BD1FAE8343}.Debug|Any CPU.ActiveCfg = Debug|Any CPU
		{1949A127-B393-4D63-83DE-A0BD1FAE8343}.Debug|Any CPU.Build.0 = Debug|Any CPU
		{1949A127-B393-4D63-83DE-A0BD1FAE8343}.Release|Any CPU.ActiveCfg = Release|Any CPU
		{1949A127-B393-4D63-83DE-A0BD1FAE8343}.Release|Any CPU.Build.0 = Release|Any CPU
		{12F09E1D-F024-4FCD-8732-1488BBB61488}.Debug|Any CPU.ActiveCfg = Debug|Any CPU
		{12F09E1D-F024-4FCD-8732-1488BBB61488}.Debug|Any CPU.Build.0 = Debug|Any CPU
		{12F09E1D-F024-4FCD-8732-1488BBB61488}.Release|Any CPU.ActiveCfg = Release|Any CPU
		{12F09E1D-F024-4FCD-8732-1488BBB61488}.Release|Any CPU.Build.0 = Release|Any CPU
	EndGlobalSection
	GlobalSection(SolutionProperties) = preSolution
		HideSolutionNode = FALSE
	EndGlobalSection
	GlobalSection(ExtensibilityGlobals) = postSolution
		SolutionGuid = {2E65F06B-A967-438F-B0F8-2517D376F8CB}
	EndGlobalSection
EndGlobal
